{
  "requires": true,
  "lockfileVersion": 1,
  "dependencies": {
    "classnames": {
      "version": "2.2.6",
      "resolved": "https://registry.npmjs.org/classnames/-/classnames-2.2.6.tgz",
      "integrity": "sha512-JR/iSQOSt+LQIWwrwEzJ9uk0xfN3mTVYMwt1Ir5mUcSN6pU+V4zQFFaJsclJbPuAUQH+yfWef6tm7l1quW3C8Q=="
    },
    "core-js": {
      "version": "3.3.5",
      "resolved": "https://registry.npmjs.org/core-js/-/core-js-3.3.5.tgz",
      "integrity": "sha512-0J3K+Par/ZydhKg8pEiTcK/9d65/nqJOzY62uMkjeBmt05fDOt/khUVjDdh8TpeIuGQDy1yLDDCjiWN/8pFIuw=="
    },
    "dom7": {
      "version": "2.1.3",
      "resolved": "https://registry.npmjs.org/dom7/-/dom7-2.1.3.tgz",
      "integrity": "sha512-QTxHHDox+M6ZFz1zHPAHZKI3JOHY5iY4i9BK2uctlggxKQwRhO3q3HHFq1BKsT25Bm/ySSj70K6Wk/G4bs9rMQ==",
      "requires": {
        "ssr-window": "^1.0.1"
      }
    },
    "feather-icons": {
      "version": "4.24.1",
      "resolved": "https://registry.npmjs.org/feather-icons/-/feather-icons-4.24.1.tgz",
      "integrity": "sha512-CGBzG9L9M2sNWEpLY2HJgacW4q1KzypMqLiCPQRr6t4uDDXqYprWRWKcHEwD/vDDiDnkSS7N4L5BLYwjGGH8pw==",
      "requires": {
        "classnames": "^2.2.5",
        "core-js": "^3.1.3"
      }
    },
    "font-awesome": {
      "version": "4.7.0",
      "resolved": "https://registry.npmjs.org/font-awesome/-/font-awesome-4.7.0.tgz",
      "integrity": "sha1-j6jPBBGhoxr9B7BtKQK7n8gVoTM="
    },
    "ssr-window": {
      "version": "1.0.1",
      "resolved": "https://registry.npmjs.org/ssr-window/-/ssr-window-1.0.1.tgz",
      "integrity": "sha512-dgFqB+f00LJTEgb6UXhx0h+SrG50LJvti2yMKMqAgzfUmUXZrLSv2fjULF7AWGwK25EXu8+smLR3jYsJQChPsg=="
    },
    "swiper": {
      "version": "5.2.0",
      "resolved": "https://registry.npmjs.org/swiper/-/swiper-5.2.0.tgz",
      "integrity": "sha512-pGyQ7+X7ndp6r6L0Wb+vjX5xaORdKws5mLucjen3yJrZYv9M18dd13xmSjPB8isgWVbwaFL7UxXvu8ojcfjajg==",
      "requires": {
        "dom7": "^2.1.3",
        "ssr-window": "^1.0.1"
      }
    }
  }
}
